
Microsoft Visual Studio Solution File, Format Version 12.00
# Visual Studio Version 17
VisualStudioVersion = 17.6.33829.357
MinimumVisualStudioVersion = 10.0.40219.1
Project("{FAE04EC0-301F-11D3-BF4B-00C04F79EFBC}") = "EventScheduler", "EventScheduler\EventScheduler.csproj", "{E2CC2669-9369-4B08-B66B-13704D5427C8}"
EndProject
Global
	GlobalSection(SolutionConfigurationPlatforms) = preSolution
		Debug|Any CPU = Debug|Any CPU
		Release|Any CPU = Release|Any CPU
	EndGlobalSection
	GlobalSection(ProjectConfigurationPlatforms) = postSolution
		{E2CC2669-9369-4B08-B66B-13704D5427C8}.Debug|Any CPU.ActiveCfg = Debug|Any CPU
		{E2CC2669-9369-4B08-B66B-13704D5427C8}.Debug|Any CPU.Build.0 = Debug|Any CPU
		{E2CC2669-9369-4B08-B66B-13704D5427C8}.Release|Any CPU.ActiveCfg = Release|Any CPU
		{E2CC2669-9369-4B08-B66B-13704D5427C8}.Release|Any CPU.Build.0 = Release|Any CPU
	EndGlobalSection
	GlobalSection(SolutionProperties) = preSolution
		HideSolutionNode = FALSE
	EndGlobalSection
	GlobalSection(ExtensibilityGlobals) = postSolution
		SolutionGuid = {D6235090-7D2D-4727-81F2-A4ED0F78FEF2}
	EndGlobalSection
EndGlobal
